
Microsoft Visual Studio Solution File, Format Version 12.00
# Visual Studio Version 17
VisualStudioVersion = 17.5.33530.505
MinimumVisualStudioVersion = 10.0.40219.1
Project("{FAE04EC0-301F-11D3-BF4B-00C04F79EFBC}") = "TelnetKingdoms", "TelnetKingdoms\TelnetKingdoms.csproj", "{BA3BFA6C-3476-483D-B31A-1947AC934707}"
EndProject
Global
	GlobalSection(SolutionConfigurationPlatforms) = preSolution
		Debug|Any CPU = Debug|Any CPU
		Release|Any CPU = Release|Any CPU
	EndGlobalSection
	GlobalSection(ProjectConfigurationPlatforms) = postSolution
		{BA3BFA6C-3476-483D-B31A-1947AC934707}.Debug|Any CPU.ActiveCfg = Debug|Any CPU
		{BA3BFA6C-3476-483D-B31A-1947AC934707}.Debug|Any CPU.Build.0 = Debug|Any CPU
		{BA3BFA6C-3476-483D-B31A-1947AC934707}.Release|Any CPU.ActiveCfg = Release|Any CPU
		{BA3BFA6C-3476-483D-B31A-1947AC934707}.Release|Any CPU.Build.0 = Release|Any CPU
	EndGlobalSection
	GlobalSection(SolutionProperties) = preSolution
		HideSolutionNode = FALSE
	EndGlobalSection
	GlobalSection(ExtensibilityGlobals) = postSolution
		SolutionGuid = {FECCB767-3433-4DA4-BC5E-20AE998292C0}
	EndGlobalSection
EndGlobal
